
Microsoft Visual Studio Solution File, Format Version 12.00
# Visual Studio Version 17
VisualStudioVersion = 17.7.34202.233
MinimumVisualStudioVersion = 10.0.40219.1
Project("{FAE04EC0-301F-11D3-BF4B-00C04F79EFBC}") = "Ciddilibirşey", "Ciddilibirşey\Ciddilibirşey.csproj", "{FBDCA544-20AA-4FD3-8936-9FAE84342571}"
EndProject
Global
	GlobalSection(SolutionConfigurationPlatforms) = preSolution
		Debug|Any CPU = Debug|Any CPU
		Release|Any CPU = Release|Any CPU
	EndGlobalSection
	GlobalSection(ProjectConfigurationPlatforms) = postSolution
		{FBDCA544-20AA-4FD3-8936-9FAE84342571}.Debug|Any CPU.ActiveCfg = Debug|Any CPU
		{FBDCA544-20AA-4FD3-8936-9FAE84342571}.Debug|Any CPU.Build.0 = Debug|Any CPU
		{FBDCA544-20AA-4FD3-8936-9FAE84342571}.Release|Any CPU.ActiveCfg = Release|Any CPU
		{FBDCA544-20AA-4FD3-8936-9FAE84342571}.Release|Any CPU.Build.0 = Release|Any CPU
	EndGlobalSection
	GlobalSection(SolutionProperties) = preSolution
		HideSolutionNode = FALSE
	EndGlobalSection
	GlobalSection(ExtensibilityGlobals) = postSolution
		SolutionGuid = {C3659B52-01C6-44D3-8E0D-85123B83B739}
	EndGlobalSection
EndGlobal
